schema: '2.0'
stages:
  train:
    cmd: PARTITION=gpu bash run.sh python -m train
    deps:
    - path: activations.py
      hash: md5
      md5: 28246c1ccb588272fad4f8fd0be6913f
      size: 31671
    - path: data/GOLD_XYZ_OSC.0001_1024.hdf5
      hash: md5
      md5: 13c38751da99a2739fdc04029a86b8e9
      size: 21449148312
    - path: dataset.py
      hash: md5
      md5: 098d3a3ea30571b048605c4de0818496
      size: 5248
    - path: model.py
      hash: md5
      md5: 3e64645795c7578b24406f9694c48aaa
      size: 59858
    - path: noctua.sh
      hash: md5
      md5: f3e8cc342b63cddcd2e07bfe63f6518c
      size: 1832
    - path: run.sh
      hash: md5
      md5: 6e3e34149c16795c5a8424a51bdbf5f8
      size: 1616
    - path: train.py
      hash: md5
      md5: aa2f0477daff66771051868ffe8f78a4
      size: 7106
    params:
      params.yaml:
        dataset:
          path: data/GOLD_XYZ_OSC.0001_1024.hdf5
          signal_to_noise_ratios:
          - -6
          - -4
          - -2
          - 0
          - 2
          - 4
          - 6
          - 8
          - 10
          - 12
          - 14
          - 16
          - 18
          - 20
          - 22
          - 24
          - 26
          - 28
          - 30
          splits:
          - 0.8
          - 0.1
          - 0.1
          seed: 12
          reshape:
          - -1
          - 64
        model:
          architecture: conformer
          num_heads: 8
          num_layers: 2
          bias: true
          emb_dim: 64
          mlp_dim: 256
          norm: batch-norm
          positional_encoding: binary
          dropout: 0.0
          bits: 4
          input_bits: 8
          output_bits: 8
          num_classes: 24
        seed: 12
        train:
          batch_size: 512
          epochs: 1
          optimizer:
            algorithm: adam
            lr: 0.001
            weight_decay: 0.0
            betas:
            - 0.9
            - 0.98
            eps: 1e-09
          criterion: cross-entropy
          loader:
            shuffle: true
            num_workers: 10
            prefetch_factor: 4
            persistent_workers: true
            drop_last: true
    outs:
    - path: loss.yaml
      hash: md5
      md5: 50f6cd8c9c9a4380f4f00997a25620cf
      size: 59
    - path: outputs/model.pt
      hash: md5
      md5: 583beab88f44b511f37c10b3057cfed7
      size: 1022286
    - path: outputs/optimizer.pt
      hash: md5
      md5: 323b29e775a3694106aa75b4a309195e
      size: 1540346
  eval:
    cmd: python -m eval
    deps:
    - path: activations.py
      hash: md5
      md5: 28246c1ccb588272fad4f8fd0be6913f
      size: 31671
    - path: data/GOLD_XYZ_OSC.0001_1024.hdf5
      hash: md5
      md5: 13c38751da99a2739fdc04029a86b8e9
      size: 21449148312
    - path: dataset.py
      hash: md5
      md5: 098d3a3ea30571b048605c4de0818496
      size: 5248
    - path: eval.py
      hash: md5
      md5: 955012aa5dfe98ce0fca79b1e1976677
      size: 4702
    - path: model.py
      hash: md5
      md5: 3e64645795c7578b24406f9694c48aaa
      size: 59858
    - path: outputs/model.pt
      hash: md5
      md5: 583beab88f44b511f37c10b3057cfed7
      size: 1022286
    params:
      params.yaml:
        dataset:
          path: data/GOLD_XYZ_OSC.0001_1024.hdf5
          signal_to_noise_ratios:
          - -6
          - -4
          - -2
          - 0
          - 2
          - 4
          - 6
          - 8
          - 10
          - 12
          - 14
          - 16
          - 18
          - 20
          - 22
          - 24
          - 26
          - 28
          - 30
          splits:
          - 0.8
          - 0.1
          - 0.1
          seed: 12
          reshape:
          - -1
          - 64
        eval:
          batch_size: 4096
          loader:
            num_workers: 10
            prefetch_factor: 4
            drop_last: false
        model:
          architecture: conformer
          num_heads: 8
          num_layers: 2
          bias: true
          emb_dim: 64
          mlp_dim: 256
          norm: batch-norm
          positional_encoding: binary
          dropout: 0.0
          bits: 4
          input_bits: 8
          output_bits: 8
          num_classes: 24
        seed: 12
    outs:
    - path: accuracy-per-snr.yaml
      hash: md5
      md5: 261b964162d259f1cdf85e791524a05f
      size: 703
    - path: accuracy.yaml
      hash: md5
      md5: 3314e094685f31d444fed095f3b5b8c8
      size: 30
    - path: classes.csv
      hash: md5
      md5: f482fda4ca848cf7f034274ce03126c1
      size: 975449
  export:
    cmd: python -m export
    deps:
    - path: activations.py
      hash: md5
      md5: 28246c1ccb588272fad4f8fd0be6913f
      size: 31671
    - path: data/GOLD_XYZ_OSC.0001_1024.hdf5
      hash: md5
      md5: 13c38751da99a2739fdc04029a86b8e9
      size: 21449148312
    - path: dataset.py
      hash: md5
      md5: 098d3a3ea30571b048605c4de0818496
      size: 5248
    - path: export.py
      hash: md5
      md5: 16ca99bece008f9a3e9ca71f76dcfcb2
      size: 5227
    - path: model.py
      hash: md5
      md5: 3e64645795c7578b24406f9694c48aaa
      size: 59858
    - path: outputs/model.pt
      hash: md5
      md5: 583beab88f44b511f37c10b3057cfed7
      size: 1022286
    params:
      params.yaml:
        dataset:
          path: data/GOLD_XYZ_OSC.0001_1024.hdf5
          signal_to_noise_ratios:
          - -6
          - -4
          - -2
          - 0
          - 2
          - 4
          - 6
          - 8
          - 10
          - 12
          - 14
          - 16
          - 18
          - 20
          - 22
          - 24
          - 26
          - 28
          - 30
          splits:
          - 0.8
          - 0.1
          - 0.1
          seed: 12
          reshape:
          - -1
          - 64
        export:
          opset_version: 17
          do_constant_folding: true
        model:
          architecture: conformer
          num_heads: 8
          num_layers: 2
          bias: true
          emb_dim: 64
          mlp_dim: 256
          norm: batch-norm
          positional_encoding: binary
          dropout: 0.0
          bits: 4
          input_bits: 8
          output_bits: 8
          num_classes: 24
        seed: 12
    outs:
    - path: outputs/inp.npy
      hash: md5
      md5: 6c2d27154ce5742857957445779bbe44
      size: 8320
    - path: outputs/model.onnx
      hash: md5
      md5: 11313615f0f874aa131f2390e3fd462e
      size: 862020
    - path: outputs/model_measuring.onnx
      hash: md5
      md5: 1688a58cf6aaec9e1483cccf7f60abb5
      size: 2191407
    - path: outputs/out.npy
      hash: md5
      md5: f7a3a8ea15941b9dd2ae1286cd9cff69
      size: 3200
  build:
    cmd: bash run.sh '$FINN/run-docker.sh build_custom $(pwd)'
    deps:
    - path: build.py
      hash: md5
      md5: f93960e5f886ec98645296541d80c9d2
      size: 8216
    - path: build_steps.py
      hash: md5
      md5: 4025dcf779731c43d34e314aa9f3431f
      size: 33401
    - path: custom/apply_config.py
      hash: md5
      md5: 4c907c16f9d3e2f5377e36f153af40b8
      size: 2360
    - path: noctua.sh
      hash: md5
      md5: f3e8cc342b63cddcd2e07bfe63f6518c
      size: 1832
    - path: outputs/inp.npy
      hash: md5
      md5: 6c2d27154ce5742857957445779bbe44
      size: 8320
    - path: outputs/model.onnx
      hash: md5
      md5: f73ca2351e4a3f1152dcd387a7c1405c
      size: 860348
    - path: outputs/out.npy
      hash: md5
      md5: a9f1ab036efa219b8c87ede21877ff0b
      size: 3200
    - path: run.sh
      hash: md5
      md5: 6e3e34149c16795c5a8424a51bdbf5f8
      size: 1616
    params:
      params.yaml:
        build:
          range:
          - -100
          - 100
          finn:
            output_dir: outputs/build
            stitched_ip_gen_dcp: false
            synth_clk_period_ns: 10.0
            board: RFSoC2x2
            shell_flow_type: vivado_zynq
            folding_config_file: folding.yaml
            specialize_layers_config_file: specialize_layers.json
            standalone_thresholds: true
            max_multithreshold_bit_width: 16
            mvau_wwidth_max: 2048
            split_large_fifos: true
          metrics:
            report: outputs/build/report/post_synth_resources.json
            filter: (top)
        seed: 12
      folding.yaml:
        defaults:
          ScaledDotProductAttention_hls:
            ram_style: block
            ram_style_thresholds: block
            ram_style_mask: block
            mac_resource: lut
          ElementwiseAdd_hls:
            ram_style: distributed
          MVAU_hls:
            resType: dsp
            mem_mode: internal_decoupled
            ram_style: block
            ram_style_thresholds: block
            runtime_writeable_weights: 0
          MVAU_rtl:
            resType: dsp
            mem_mode: internal_decoupled
            ram_style: block
            runtime_writeable_weights: 0
          Thresholding_hls:
            mem_mode: internal_decoupled
            ram_style: distributed
            runtime_writeable_weights: 0
          Thresholding_rtl:
            depth_trigger_uram: 2147483647
            depth_trigger_bram: 2147483647
            runtime_writeable_weights: 0
          StreamingFIFO_rtl:
            impl_style: rtl
            ram_style: distributed
      specialize_layers.json:
        '':
          preferred_impl_style: ''
        Defaults:
          preferred_impl_style:
          - rtl
          - - MVAU
            - Thresholding
    outs:
    - path: outputs/build/
      hash: md5
      md5: 6841e09f6a8caaa8d8800ba44a40c61a.dir
      size: 224407997
      nfiles: 5459
    - path: resources.yaml
      hash: md5
      md5: 6069af38377460796c17e21f1779f6f5
      size: 80
  verify:
    cmd: python -m verify
    deps:
    - path: outputs/build/verification_output/
      hash: md5
      md5: 71ea040bb3e4fe11e0b3696098985a6f.dir
      size: 28111398
      nfiles: 6
    - path: verify.py
      hash: md5
      md5: 69ba4a5769ec79d36a6d274fcfa77c6e
      size: 979
    params:
      params.yaml:
        build.finn.output_dir: outputs/build
    outs:
    - path: verification.yaml
      hash: md5
      md5: 5224a3f087dfdd2bec5b236e4205ac3c
      size: 22
  nonquant:
    cmd: python -m export_untrained
    deps:
    - path: export_untrained.py
      hash: md5
      md5: 888c50f1ccc48c61fd5e9c4884c26108
      size: 3972
    outs:
    - path: outputs/model_nonquantized.onnx
      hash: md5
      md5: 31115226968caf795f71b44bf4073ba0
      size: 466302
  measure:
    cmd: python -m measure_untrained
    deps:
    - path: export_untrained.py
      hash: md5
      md5: 888c50f1ccc48c61fd5e9c4884c26108
      size: 3972
    - path: measure_untrained.py
      hash: md5
      md5: cc75f48509d90be8bb24f9e6d5c0486c
      size: 15575
    - path: outputs/model_nonquantized.onnx
      hash: md5
      md5: 31115226968caf795f71b44bf4073ba0
      size: 466302
    outs:
    - path: throughput/FP32/latency_results.json
      hash: md5
      md5: cef839ffe886b54beb55a899a24aa4ef
      size: 3606
    - path: throughput/FP32/latency_results_batch.json
      hash: md5
      md5: 7e2065054c26df59649b99978787b303
      size: 3568
    - path: throughput/FP32/throughput_results.json
      hash: md5
      md5: 58c804c2e41dcb5b34ec928f66511f9a
      size: 1624
    - path: throughput/FP32/throughput_results_2.json
      hash: md5
      md5: 58c804c2e41dcb5b34ec928f66511f9a
      size: 1624
  measure_32FP:
    cmd: FP16=0 python measure_untrained.py
    deps:
    - path: export_untrained.py
      hash: md5
      md5: 888c50f1ccc48c61fd5e9c4884c26108
      size: 3972
    - path: measure_untrained.py
      hash: md5
      md5: d21aa548a322ac37301149c77c230785
      size: 17946
    - path: outputs/model_measuring.onnx
      hash: md5
      md5: 1688a58cf6aaec9e1483cccf7f60abb5
      size: 2191407
    - path: outputs/model_nonquantized.onnx
      hash: md5
      md5: 31115226968caf795f71b44bf4073ba0
      size: 466302
    outs:
    - path: throughput/FP32/latency_results.json
      hash: md5
      md5: a479fd1b770adca945fef83cc2b557b1
      size: 3602
    - path: throughput/FP32/latency_results_batch.json
      hash: md5
      md5: f97429f3f9a3f02a02560c4b86e788b5
      size: 3557
    - path: throughput/FP32/throughput_results.json
      hash: md5
      md5: b36e9c48b67e371c385947a3f9d544d8
      size: 1630
    - path: throughput/FP32/throughput_results_2.json
      hash: md5
      md5: b36e9c48b67e371c385947a3f9d544d8
      size: 1630
  measure_16FP:
    cmd: FP16=1 python measure_untrained.py
    deps:
    - path: export_untrained.py
      hash: md5
      md5: 888c50f1ccc48c61fd5e9c4884c26108
      size: 3972
    - path: measure_untrained.py
      hash: md5
      md5: d21aa548a322ac37301149c77c230785
      size: 17946
    - path: outputs/model_nonquantized.onnx
      hash: md5
      md5: 31115226968caf795f71b44bf4073ba0
      size: 466302
    outs:
    - path: throughput/FP16/latency_results.json
      hash: md5
      md5: be1f9639a28bbefb3c95d12734de2407
      size: 3601
    - path: throughput/FP16/latency_results_batch.json
      hash: md5
      md5: dce7a20801bedd255f735aabe847f04c
      size: 3558
    - path: throughput/FP16/throughput_results.json
      hash: md5
      md5: 3b9044ab1981a8d9ee1eb0718cf0849e
      size: 1634
    - path: throughput/FP16/throughput_results_2.json
      hash: md5
      md5: 3b9044ab1981a8d9ee1eb0718cf0849e
      size: 1634
  quantize_tensorrt_INT8:
    cmd: python quantize_tensorrt.py
    deps:
    - path: outputs/model_nonquantized.onnx
      hash: md5
      md5: 31115226968caf795f71b44bf4073ba0
      size: 466302
    - path: quantize_tensorrt.py
      hash: md5
      md5: f31ef4576a3fd7014c8fd4682b36a994
      size: 4226
    outs:
    - path: outputs/engines
      hash: md5
      md5: 75001b2bface54d2be84f917443db8ff.dir
      size: 51980692
      nfiles: 11
  measure_INT8_tensorrt:
    cmd: python measure_8bit.py
    deps:
    - path: measure_8bit.py
      hash: md5
      md5: 156854e2a9414eea4a347caa4b7efc57
      size: 15665
    - path: outputs/engines
      hash: md5
      md5: 75001b2bface54d2be84f917443db8ff.dir
      size: 51980692
      nfiles: 11
    - path: plot_templates/bar_1_INT8_tensorrt.json
      hash: md5
      md5: 19dcb563971f252cf2a81723e892d31b
      size: 527
    - path: plot_templates/bar_2_INT8_tensorrt.json
      hash: md5
      md5: 07c97dc8993669e7e12d788a5fe93364
      size: 538
    - path: plot_templates/bar_3_INT8_tensorrt.json
      hash: md5
      md5: e8412ad756faf664cd32da40642868d1
      size: 623
    - path: plot_templates/bar_4_INT8_tensorrt.json
      hash: md5
      md5: a4a94b5e313ab0a49fc7a80412d7743f
      size: 639
    outs:
    - path: eval_results/accuracy_INT8_tensorrt.json
      hash: md5
      md5: d1ecae79fe2aa676f97347da28f84e53
      size: 70
    - path: throughput/INT8_tensorrt/latency_results.json
      hash: md5
      md5: 556c49007df00c474479057b2029c30d
      size: 3599
    - path: throughput/INT8_tensorrt/latency_results_batch.json
      hash: md5
      md5: 9ae9905802cb4eea1d64fa39b50d5aec
      size: 3556
    - path: throughput/INT8_tensorrt/throughput_results.json
      hash: md5
      md5: 495434587d727519dd021bba201fc388
      size: 1633
    - path: throughput/INT8_tensorrt/throughput_results_2.json
      hash: md5
      md5: 495434587d727519dd021bba201fc388
      size: 1633
