schema: '2.0'
stages:
  train:
    cmd: PARTITION=gpu bash run.sh python -m train
    deps:
    - path: activations.py
      hash: md5
      md5: 28246c1ccb588272fad4f8fd0be6913f
      size: 31671
    - path: data/GOLD_XYZ_OSC.0001_1024.hdf5
      hash: md5
      md5: 13c38751da99a2739fdc04029a86b8e9
      size: 21449148312
    - path: dataset.py
      hash: md5
      md5: 098d3a3ea30571b048605c4de0818496
      size: 5248
    - path: model.py
      hash: md5
      md5: 3e64645795c7578b24406f9694c48aaa
      size: 59858
    - path: noctua.sh
      hash: md5
      md5: f3e8cc342b63cddcd2e07bfe63f6518c
      size: 1832
    - path: run.sh
      hash: md5
      md5: 6e3e34149c16795c5a8424a51bdbf5f8
      size: 1616
    - path: train.py
      hash: md5
      md5: 95837fd5b1d21eb13ea6fe52b0a4296c
      size: 7020
    params:
      params.yaml:
        dataset:
          path: data/GOLD_XYZ_OSC.0001_1024.hdf5
          signal_to_noise_ratios:
          - -6
          - -4
          - -2
          - 0
          - 2
          - 4
          - 6
          - 8
          - 10
          - 12
          - 14
          - 16
          - 18
          - 20
          - 22
          - 24
          - 26
          - 28
          - 30
          splits:
          - 0.8
          - 0.1
          - 0.1
          seed: 12
          reshape:
          - -1
          - 64
        model:
          architecture: conformer
          num_heads: 8
          num_layers: 2
          bias: true
          emb_dim: 64
          mlp_dim: 256
          norm: layer-norm
          positional_encoding: binary
          dropout: 0.0
          bits: 4
          input_bits: 8
          output_bits: 8
          num_classes: 24
        seed: 12
        train:
          batch_size: 512
          epochs: 1
          optimizer:
            algorithm: adam
            lr: 0.001
            weight_decay: 0.0
            betas:
            - 0.9
            - 0.98
            eps: 1e-09
          criterion: cross-entropy
          loader:
            shuffle: true
            num_workers: 10
            prefetch_factor: 4
            persistent_workers: true
            drop_last: true
    outs:
    - path: loss.yaml
      hash: md5
      md5: 084e43d9ce8d3042df80cc30aa9a72d6
      size: 61
    - path: outputs/model.pt
      hash: md5
      md5: edb2afea2892496e3a95f4d84729ed01
      size: 1010499
    - path: outputs/optimizer.pt
      hash: md5
      md5: 610ab09f6b057f0c9711be5212789413
      size: 1540346
    - path: outputs/urspruengliches_model.onnx
      hash: md5
      md5: bb87f6156b6072f32f7621ee6213fa4a
      size: 2186685
  eval:
    cmd: python -m eval
    deps:
    - path: activations.py
      hash: md5
      md5: 28246c1ccb588272fad4f8fd0be6913f
      size: 31671
    - path: data/GOLD_XYZ_OSC.0001_1024.hdf5
      hash: md5
      md5: 13c38751da99a2739fdc04029a86b8e9
      size: 21449148312
    - path: dataset.py
      hash: md5
      md5: 098d3a3ea30571b048605c4de0818496
      size: 5248
    - path: eval.py
      hash: md5
      md5: 955012aa5dfe98ce0fca79b1e1976677
      size: 4702
    - path: model.py
      hash: md5
      md5: 3e64645795c7578b24406f9694c48aaa
      size: 59858
    - path: outputs/model.pt
      hash: md5
      md5: edb2afea2892496e3a95f4d84729ed01
      size: 1010499
    params:
      params.yaml:
        dataset:
          path: data/GOLD_XYZ_OSC.0001_1024.hdf5
          signal_to_noise_ratios:
          - -6
          - -4
          - -2
          - 0
          - 2
          - 4
          - 6
          - 8
          - 10
          - 12
          - 14
          - 16
          - 18
          - 20
          - 22
          - 24
          - 26
          - 28
          - 30
          splits:
          - 0.8
          - 0.1
          - 0.1
          seed: 12
          reshape:
          - -1
          - 64
        eval:
          batch_size: 4096
          loader:
            num_workers: 10
            prefetch_factor: 4
            drop_last: false
        model:
          architecture: conformer
          num_heads: 8
          num_layers: 2
          bias: true
          emb_dim: 64
          mlp_dim: 256
          norm: layer-norm
          positional_encoding: binary
          dropout: 0.0
          bits: 4
          input_bits: 8
          output_bits: 8
          num_classes: 24
        seed: 12
    outs:
    - path: accuracy-per-snr.yaml
      hash: md5
      md5: 8fb6b191d169e9b5e4651c6d01f0f56c
      size: 711
    - path: accuracy.yaml
      hash: md5
      md5: 4a0872f12724cf42c0de3f70029b2b29
      size: 29
    - path: classes.csv
      hash: md5
      md5: 218c57cc849be79f47a860016475f083
      size: 940971
  export:
    cmd: python -m export
    deps:
    - path: activations.py
      hash: md5
      md5: 28246c1ccb588272fad4f8fd0be6913f
      size: 31671
    - path: data/GOLD_XYZ_OSC.0001_1024.hdf5
      hash: md5
      md5: 13c38751da99a2739fdc04029a86b8e9
      size: 21449148312
    - path: dataset.py
      hash: md5
      md5: 098d3a3ea30571b048605c4de0818496
      size: 5248
    - path: export.py
      hash: md5
      md5: 668a5732ae4e8e34d11b801be590e474
      size: 4489
    - path: model.py
      hash: md5
      md5: 3e64645795c7578b24406f9694c48aaa
      size: 59858
    - path: outputs/model.pt
      hash: md5
      md5: edb2afea2892496e3a95f4d84729ed01
      size: 1010499
    params:
      params.yaml:
        dataset:
          path: data/GOLD_XYZ_OSC.0001_1024.hdf5
          signal_to_noise_ratios:
          - -6
          - -4
          - -2
          - 0
          - 2
          - 4
          - 6
          - 8
          - 10
          - 12
          - 14
          - 16
          - 18
          - 20
          - 22
          - 24
          - 26
          - 28
          - 30
          splits:
          - 0.8
          - 0.1
          - 0.1
          seed: 12
          reshape:
          - -1
          - 64
        export:
          opset_version: 14
          do_constant_folding: true
        model:
          architecture: conformer
          num_heads: 8
          num_layers: 2
          bias: true
          emb_dim: 64
          mlp_dim: 256
          norm: layer-norm
          positional_encoding: binary
          dropout: 0.0
          bits: 4
          input_bits: 8
          output_bits: 8
          num_classes: 24
        seed: 12
    outs:
    - path: outputs/inp.npy
      hash: md5
      md5: 6c2d27154ce5742857957445779bbe44
      size: 8320
    - path: outputs/model.onnx
      hash: md5
      md5: 70b9783428ee54fbf237b3ef7708430a
      size: 856142
    - path: outputs/out.npy
      hash: md5
      md5: 2f2ebbde844703baa9ffb23a4b1e3138
      size: 3200
  build:
    cmd: bash run.sh '$FINN/run-docker.sh build_custom $(pwd)'
    deps:
    - path: build.py
      hash: md5
      md5: f93960e5f886ec98645296541d80c9d2
      size: 8216
    - path: build_steps.py
      hash: md5
      md5: 4025dcf779731c43d34e314aa9f3431f
      size: 33401
    - path: custom/apply_config.py
      hash: md5
      md5: 4c907c16f9d3e2f5377e36f153af40b8
      size: 2360
    - path: noctua.sh
      hash: md5
      md5: f3e8cc342b63cddcd2e07bfe63f6518c
      size: 1832
    - path: outputs/inp.npy
      hash: md5
      md5: 6c2d27154ce5742857957445779bbe44
      size: 8320
    - path: outputs/model.onnx
      hash: md5
      md5: f73ca2351e4a3f1152dcd387a7c1405c
      size: 860348
    - path: outputs/out.npy
      hash: md5
      md5: a9f1ab036efa219b8c87ede21877ff0b
      size: 3200
    - path: run.sh
      hash: md5
      md5: 6e3e34149c16795c5a8424a51bdbf5f8
      size: 1616
    params:
      params.yaml:
        build:
          range:
          - -100
          - 100
          finn:
            output_dir: outputs/build
            stitched_ip_gen_dcp: false
            synth_clk_period_ns: 10.0
            board: RFSoC2x2
            shell_flow_type: vivado_zynq
            folding_config_file: folding.yaml
            specialize_layers_config_file: specialize_layers.json
            standalone_thresholds: true
            max_multithreshold_bit_width: 16
            mvau_wwidth_max: 2048
            split_large_fifos: true
          metrics:
            report: outputs/build/report/post_synth_resources.json
            filter: (top)
        seed: 12
      folding.yaml:
        defaults:
          ScaledDotProductAttention_hls:
            ram_style: block
            ram_style_thresholds: block
            ram_style_mask: block
            mac_resource: lut
          ElementwiseAdd_hls:
            ram_style: distributed
          MVAU_hls:
            resType: dsp
            mem_mode: internal_decoupled
            ram_style: block
            ram_style_thresholds: block
            runtime_writeable_weights: 0
          MVAU_rtl:
            resType: dsp
            mem_mode: internal_decoupled
            ram_style: block
            runtime_writeable_weights: 0
          Thresholding_hls:
            mem_mode: internal_decoupled
            ram_style: distributed
            runtime_writeable_weights: 0
          Thresholding_rtl:
            depth_trigger_uram: 2147483647
            depth_trigger_bram: 2147483647
            runtime_writeable_weights: 0
          StreamingFIFO_rtl:
            impl_style: rtl
            ram_style: distributed
      specialize_layers.json:
        '':
          preferred_impl_style: ''
        Defaults:
          preferred_impl_style:
          - rtl
          - - MVAU
            - Thresholding
    outs:
    - path: outputs/build/
      hash: md5
      md5: 6841e09f6a8caaa8d8800ba44a40c61a.dir
      size: 224407997
      nfiles: 5459
    - path: resources.yaml
      hash: md5
      md5: 6069af38377460796c17e21f1779f6f5
      size: 80
  verify:
    cmd: python -m verify
    deps:
    - path: outputs/build/verification_output/
      hash: md5
      md5: 71ea040bb3e4fe11e0b3696098985a6f.dir
      size: 28111398
      nfiles: 6
    - path: verify.py
      hash: md5
      md5: 69ba4a5769ec79d36a6d274fcfa77c6e
      size: 979
    params:
      params.yaml:
        build.finn.output_dir: outputs/build
    outs:
    - path: verification.yaml
      hash: md5
      md5: 5224a3f087dfdd2bec5b236e4205ac3c
      size: 22
  nonquant:
    cmd: python -m export_untrained
    deps:
    - path: export_untrained.py
      hash: md5
      md5: 888c50f1ccc48c61fd5e9c4884c26108
      size: 3972
    outs:
    - path: outputs/model_nonquantized.onnx
      hash: md5
      md5: 31115226968caf795f71b44bf4073ba0
      size: 466302
  measure:
    cmd: python -m measure_untrained
    deps:
    - path: export_untrained.py
      hash: md5
      md5: 888c50f1ccc48c61fd5e9c4884c26108
      size: 3972
    - path: measure_untrained.py
      hash: md5
      md5: cc75f48509d90be8bb24f9e6d5c0486c
      size: 15575
    - path: outputs/model_nonquantized.onnx
      hash: md5
      md5: 31115226968caf795f71b44bf4073ba0
      size: 466302
    outs:
    - path: throughput/FP32/latency_results.json
      hash: md5
      md5: cef839ffe886b54beb55a899a24aa4ef
      size: 3606
    - path: throughput/FP32/latency_results_batch.json
      hash: md5
      md5: 7e2065054c26df59649b99978787b303
      size: 3568
    - path: throughput/FP32/throughput_results.json
      hash: md5
      md5: 58c804c2e41dcb5b34ec928f66511f9a
      size: 1624
    - path: throughput/FP32/throughput_results_2.json
      hash: md5
      md5: 58c804c2e41dcb5b34ec928f66511f9a
      size: 1624
  measure_32FP:
    cmd: FP16=0 python measure_untrained.py
    deps:
    - path: export_untrained.py
      hash: md5
      md5: 888c50f1ccc48c61fd5e9c4884c26108
      size: 3972
    - path: measure_untrained.py
      hash: md5
      md5: 6ccab31af71c8158a9842d5d32538df7
      size: 17954
    - path: outputs/model_nonquantized.onnx
      hash: md5
      md5: 31115226968caf795f71b44bf4073ba0
      size: 466302
    - path: outputs/urspruengliches_model.onnx
      hash: md5
      md5: bb87f6156b6072f32f7621ee6213fa4a
      size: 2186685
    outs:
    - path: throughput/FP32/latency_results.json
      hash: md5
      md5: b1baf9b7680cbb467c32a99398271727
      size: 3593
    - path: throughput/FP32/latency_results_batch.json
      hash: md5
      md5: c553681a3b9592bf83cb0f9e4baf1e8d
      size: 3555
    - path: throughput/FP32/throughput_results.json
      hash: md5
      md5: 20dba40653141baee2b3967f0980d1ca
      size: 1627
    - path: throughput/FP32/throughput_results_2.json
      hash: md5
      md5: 20dba40653141baee2b3967f0980d1ca
      size: 1627
  measure_16FP:
    cmd: FP16=1 python measure_untrained.py
    deps:
    - path: export_untrained.py
      hash: md5
      md5: 888c50f1ccc48c61fd5e9c4884c26108
      size: 3972
    - path: measure_untrained.py
      hash: md5
      md5: 6ccab31af71c8158a9842d5d32538df7
      size: 17954
    - path: outputs/model_nonquantized.onnx
      hash: md5
      md5: 31115226968caf795f71b44bf4073ba0
      size: 466302
    outs:
    - path: throughput/FP16/latency_results.json
      hash: md5
      md5: e327eb31d4ed242f385d47ae06ecd087
      size: 3598
    - path: throughput/FP16/latency_results_batch.json
      hash: md5
      md5: 55ea9d4b5a8e5077eaaa9dc4f6b82d13
      size: 3557
    - path: throughput/FP16/throughput_results.json
      hash: md5
      md5: 332d0c1f4ad99f6b623b1cb68fdb84e4
      size: 1636
    - path: throughput/FP16/throughput_results_2.json
      hash: md5
      md5: 332d0c1f4ad99f6b623b1cb68fdb84e4
      size: 1636
  quantize_tensorrt_INT8:
    cmd: python quantize_tensorrt.py
    deps:
    - path: outputs/model_nonquantized.onnx
      hash: md5
      md5: 31115226968caf795f71b44bf4073ba0
      size: 466302
    - path: quantize_tensorrt.py
      hash: md5
      md5: db0bc25a41b0cd0a5bbd8d1439e20142
      size: 4229
    outs:
    - path: outputs/engines
      hash: md5
      md5: f3b075fecf189dcd0d5e75f660915b6f.dir
      size: 15738500
      nfiles: 11
  measure_INT8_tensorrt:
    cmd: python measure_8bit.py
    deps:
    - path: measure_8bit.py
      hash: md5
      md5: 9c5140c7464ef7e9ff8fd4f62f5abb75
      size: 15796
    - path: outputs/engines
      hash: md5
      md5: f3b075fecf189dcd0d5e75f660915b6f.dir
      size: 15738500
      nfiles: 11
    - path: plot_templates/bar_1_INT8_tensorrt.json
      hash: md5
      md5: 998b3034452bb8426e05b78d35466daa
      size: 525
    - path: plot_templates/bar_2_INT8_tensorrt.json
      hash: md5
      md5: 07c97dc8993669e7e12d788a5fe93364
      size: 538
    - path: plot_templates/bar_3_INT8_tensorrt.json
      hash: md5
      md5: 45f7b553dccd6e3b05ba9dd211e39177
      size: 619
    - path: plot_templates/bar_4_INT8_tensorrt.json
      hash: md5
      md5: a4a94b5e313ab0a49fc7a80412d7743f
      size: 639
    outs:
    - path: eval_results/accuracy_INT8_tensorrt.json
      hash: md5
      md5: b824bc2c79154ef7c0015bc984a4977a
      size: 70
    - path: throughput/INT8_tensorrt/latency_results.json
      hash: md5
      md5: bf1df3e0f5722985829884aa1ac8ef8a
      size: 3605
    - path: throughput/INT8_tensorrt/latency_results_batch.json
      hash: md5
      md5: c4b39d1badbd2c0964f723fc538734e0
      size: 3562
    - path: throughput/INT8_tensorrt/throughput_results.json
      hash: md5
      md5: 2b066e0c3ac732a17d979c0012852bc2
      size: 1627
    - path: throughput/INT8_tensorrt/throughput_results_2.json
      hash: md5
      md5: 2b066e0c3ac732a17d979c0012852bc2
      size: 1627
